// !$*UTF8*$!
{
	archiveVersion = 1;
	classes = {
	};
	objectVersion = 77;
	objects = {

/* Begin PBXBuildFile section */
		281DBE6A2CCDCFAE00657104 /* SDWebImageSwiftUI in Frameworks */ = {isa = PBXBuildFile; productRef = 281DBE692CCDCFAE00657104 /* SDWebImageSwiftUI */; };
		284D18222CE674E30050EE52 /* OpenAI in Frameworks */ = {isa = PBXBuildFile; productRef = 284D18212CE674E30050EE52 /* OpenAI */; };
		287D64A42CE3B0E70004A632 /* FirebaseAuth in Frameworks */ = {isa = PBXBuildFile; productRef = 287D64A32CE3B0E70004A632 /* FirebaseAuth */; };
		287D64A62CE3B0E70004A632 /* FirebaseFirestore in Frameworks */ = {isa = PBXBuildFile; productRef = 287D64A52CE3B0E70004A632 /* FirebaseFirestore */; };
		287D64A82CE3B0E70004A632 /* FirebaseFirestoreCombine-Community in Frameworks */ = {isa = PBXBuildFile; productRef = 287D64A72CE3B0E70004A632 /* FirebaseFirestoreCombine-Community */; };
/* End PBXBuildFile section */

/* Begin PBXContainerItemProxy section */
		2858B2BA2CC0597E008A54B7 /* PBXContainerItemProxy */ = {
			isa = PBXContainerItemProxy;
			containerPortal = 2858B2A12CC0597D008A54B7 /* Project object */;
			proxyType = 1;
			remoteGlobalIDString = 2858B2A82CC0597D008A54B7;
			remoteInfo = "Novel-AI-in-Arts-and-Culture-APP";
		};
		2858B2C42CC0597E008A54B7 /* PBXContainerItemProxy */ = {
			isa = PBXContainerItemProxy;
			containerPortal = 2858B2A12CC0597D008A54B7 /* Project object */;
			proxyType = 1;
			remoteGlobalIDString = 2858B2A82CC0597D008A54B7;
			remoteInfo = "Novel-AI-in-Arts-and-Culture-APP";
		};
/* End PBXContainerItemProxy section */

/* Begin PBXFileReference section */
		2858B2A92CC0597D008A54B7 /* Novel-AI-in-Arts-and-Culture-APP.app */ = {isa = PBXFileReference; explicitFileType = wrapper.application; includeInIndex = 0; path = "Novel-AI-in-Arts-and-Culture-APP.app"; sourceTree = BUILT_PRODUCTS_DIR; };
		2858B2B92CC0597E008A54B7 /* Novel-AI-in-Arts-and-Culture-APPTests.xctest */ = {isa = PBXFileReference; explicitFileType = wrapper.cfbundle; includeInIndex = 0; path = "Novel-AI-in-Arts-and-Culture-APPTests.xctest"; sourceTree = BUILT_PRODUCTS_DIR; };
		2858B2C32CC0597E008A54B7 /* Novel-AI-in-Arts-and-Culture-APPUITests.xctest */ = {isa = PBXFileReference; explicitFileType = wrapper.cfbundle; includeInIndex = 0; path = "Novel-AI-in-Arts-and-Culture-APPUITests.xctest"; sourceTree = BUILT_PRODUCTS_DIR; };
/* End PBXFileReference section */

/* Begin PBXFileSystemSynchronizedRootGroup section */
		2858B2AB2CC0597D008A54B7 /* Novel-AI-in-Arts-and-Culture-APP */ = {
			isa = PBXFileSystemSynchronizedRootGroup;
			path = "Novel-AI-in-Arts-and-Culture-APP";
			sourceTree = "<group>";
		};
		2858B2BC2CC0597E008A54B7 /* Novel-AI-in-Arts-and-Culture-APPTests */ = {
			isa = PBXFileSystemSynchronizedRootGroup;
			path = "Novel-AI-in-Arts-and-Culture-APPTests";
			sourceTree = "<group>";
		};
		2858B2C62CC0597E008A54B7 /* Novel-AI-in-Arts-and-Culture-APPUITests */ = {
			isa = PBXFileSystemSynchronizedRootGroup;
			path = "Novel-AI-in-Arts-and-Culture-APPUITests";
			sourceTree = "<group>";
		};
/* End PBXFileSystemSynchronizedRootGroup section */

/* Begin PBXFrameworksBuildPhase section */
		2858B2A62CC0597D008A54B7 /* Frameworks */ = {
			isa = PBXFrameworksBuildPhase;
			buildActionMask = 2147483647;
			files = (
				284D18222CE674E30050EE52 /* OpenAI in Frameworks */,
				281DBE6A2CCDCFAE00657104 /* SDWebImageSwiftUI in Frameworks */,
				287D64A82CE3B0E70004A632 /* FirebaseFirestoreCombine-Community in Frameworks */,
				287D64A42CE3B0E70004A632 /* FirebaseAuth in Frameworks */,
				287D64A62CE3B0E70004A632 /* FirebaseFirestore in Frameworks */,
			);
			runOnlyForDeploymentPostprocessing = 0;
		};
		2858B2B62CC0597E008A54B7 /* Frameworks */ = {
			isa = PBXFrameworksBuildPhase;
			buildActionMask = 2147483647;
			files = (
			);
			runOnlyForDeploymentPostprocessing = 0;
		};
		2858B2C02CC0597E008A54B7 /* Frameworks */ = {
			isa = PBXFrameworksBuildPhase;
			buildActionMask = 2147483647;
			files = (
			);
			runOnlyForDeploymentPostprocessing = 0;
		};
/* End PBXFrameworksBuildPhase section */

/* Begin PBXGroup section */
		2858B2A02CC0597D008A54B7 = {
			isa = PBXGroup;
			children = (
				2858B2AB2CC0597D008A54B7 /* Novel-AI-in-Arts-and-Culture-APP */,
				2858B2BC2CC0597E008A54B7 /* Novel-AI-in-Arts-and-Culture-APPTests */,
				2858B2C62CC0597E008A54B7 /* Novel-AI-in-Arts-and-Culture-APPUITests */,
				2858B2AA2CC0597D008A54B7 /* Products */,
			);
			sourceTree = "<group>";
		};
		2858B2AA2CC0597D008A54B7 /* Products */ = {
			isa = PBXGroup;
			children = (
				2858B2A92CC0597D008A54B7 /* Novel-AI-in-Arts-and-Culture-APP.app */,
				2858B2B92CC0597E008A54B7 /* Novel-AI-in-Arts-and-Culture-APPTests.xctest */,
				2858B2C32CC0597E008A54B7 /* Novel-AI-in-Arts-and-Culture-APPUITests.xctest */,
			);
			name = Products;
			sourceTree = "<group>";
		};
/* End PBXGroup section */

/* Begin PBXNativeTarget section */
		2858B2A82CC0597D008A54B7 /* Novel-AI-in-Arts-and-Culture-APP */ = {
			isa = PBXNativeTarget;
			buildConfigurationList = 2858B2CD2CC0597E008A54B7 /* Build configuration list for PBXNativeTarget "Novel-AI-in-Arts-and-Culture-APP" */;
			buildPhases = (
				2858B2A52CC0597D008A54B7 /* Sources */,
				2858B2A62CC0597D008A54B7 /* Frameworks */,
				2858B2A72CC0597D008A54B7 /* Resources */,
			);
			buildRules = (
			);
			dependencies = (
			);
			fileSystemSynchronizedGroups = (
				2858B2AB2CC0597D008A54B7 /* Novel-AI-in-Arts-and-Culture-APP */,
			);
			name = "Novel-AI-in-Arts-and-Culture-APP";
			packageProductDependencies = (
				281DBE692CCDCFAE00657104 /* SDWebImageSwiftUI */,
				287D64A32CE3B0E70004A632 /* FirebaseAuth */,
				287D64A52CE3B0E70004A632 /* FirebaseFirestore */,
				287D64A72CE3B0E70004A632 /* FirebaseFirestoreCombine-Community */,
				284D18212CE674E30050EE52 /* OpenAI */,
			);
			productName = "Novel-AI-in-Arts-and-Culture-APP";
			productReference = 2858B2A92CC0597D008A54B7 /* Novel-AI-in-Arts-and-Culture-APP.app */;
			productType = "com.apple.product-type.application";
		};
		2858B2B82CC0597E008A54B7 /* Novel-AI-in-Arts-and-Culture-APPTests */ = {
			isa = PBXNativeTarget;
			buildConfigurationList = 2858B2D02CC0597E008A54B7 /* Build configuration list for PBXNativeTarget "Novel-AI-in-Arts-and-Culture-APPTests" */;
			buildPhases = (
				2858B2B52CC0597E008A54B7 /* Sources */,
				2858B2B62CC0597E008A54B7 /* Frameworks */,
				2858B2B72CC0597E008A54B7 /* Resources */,
			);
			buildRules = (
			);
			dependencies = (
				2858B2BB2CC0597E008A54B7 /* PBXTargetDependency */,
			);
			fileSystemSynchronizedGroups = (
				2858B2BC2CC0597E008A54B7 /* Novel-AI-in-Arts-and-Culture-APPTests */,
			);
			name = "Novel-AI-in-Arts-and-Culture-APPTests";
			packageProductDependencies = (
			);
			productName = "Novel-AI-in-Arts-and-Culture-APPTests";
			productReference = 2858B2B92CC0597E008A54B7 /* Novel-AI-in-Arts-and-Culture-APPTests.xctest */;
			productType = "com.apple.product-type.bundle.unit-test";
		};
		2858B2C22CC0597E008A54B7 /* Novel-AI-in-Arts-and-Culture-APPUITests */ = {
			isa = PBXNativeTarget;
			buildConfigurationList = 2858B2D32CC0597E008A54B7 /* Build configuration list for PBXNativeTarget "Novel-AI-in-Arts-and-Culture-APPUITests" */;
			buildPhases = (
				2858B2BF2CC0597E008A54B7 /* Sources */,
				2858B2C02CC0597E008A54B7 /* Frameworks */,
				2858B2C12CC0597E008A54B7 /* Resources */,
			);
			buildRules = (
			);
			dependencies = (
				2858B2C52CC0597E008A54B7 /* PBXTargetDependency */,
			);
			fileSystemSynchronizedGroups = (
				2858B2C62CC0597E008A54B7 /* Novel-AI-in-Arts-and-Culture-APPUITests */,
			);
			name = "Novel-AI-in-Arts-and-Culture-APPUITests";
			packageProductDependencies = (
			);
			productName = "Novel-AI-in-Arts-and-Culture-APPUITests";
			productReference = 2858B2C32CC0597E008A54B7 /* Novel-AI-in-Arts-and-Culture-APPUITests.xctest */;
			productType = "com.apple.product-type.bundle.ui-testing";
		};
/* End PBXNativeTarget section */

/* Begin PBXProject section */
		2858B2A12CC0597D008A54B7 /* Project object */ = {
			isa = PBXProject;
			attributes = {
				BuildIndependentTargetsInParallel = 1;
				LastSwiftUpdateCheck = 1600;
				LastUpgradeCheck = 1600;
				TargetAttributes = {
					2858B2A82CC0597D008A54B7 = {
						CreatedOnToolsVersion = 16.0;
					};
					2858B2B82CC0597E008A54B7 = {
						CreatedOnToolsVersion = 16.0;
						TestTargetID = 2858B2A82CC0597D008A54B7;
					};
					2858B2C22CC0597E008A54B7 = {
						CreatedOnToolsVersion = 16.0;
						TestTargetID = 2858B2A82CC0597D008A54B7;
					};
				};
			};
			buildConfigurationList = 2858B2A42CC0597D008A54B7 /* Build configuration list for PBXProject "Novel-AI-in-Arts-and-Culture-APP" */;
			developmentRegion = en;
			hasScannedForEncodings = 0;
			knownRegions = (
				en,
				Base,
			);
			mainGroup = 2858B2A02CC0597D008A54B7;
			minimizedProjectReferenceProxies = 1;
			packageReferences = (
				281DBE682CCDCFAE00657104 /* XCRemoteSwiftPackageReference "SDWebImageSwiftUI" */,
				287D64A22CE3B0E70004A632 /* XCRemoteSwiftPackageReference "firebase-ios-sdk" */,
				284D18202CE674E30050EE52 /* XCRemoteSwiftPackageReference "OpenAI" */,
			);
			preferredProjectObjectVersion = 77;
			productRefGroup = 2858B2AA2CC0597D008A54B7 /* Products */;
			projectDirPath = "";
			projectRoot = "";
			targets = (
				2858B2A82CC0597D008A54B7 /* Novel-AI-in-Arts-and-Culture-APP */,
				2858B2B82CC0597E008A54B7 /* Novel-AI-in-Arts-and-Culture-APPTests */,
				2858B2C22CC0597E008A54B7 /* Novel-AI-in-Arts-and-Culture-APPUITests */,
			);
		};
/* End PBXProject section */

/* Begin PBXResourcesBuildPhase section */
		2858B2A72CC0597D008A54B7 /* Resources */ = {
			isa = PBXResourcesBuildPhase;
			buildActionMask = 2147483647;
			files = (
			);
			runOnlyForDeploymentPostprocessing = 0;
		};
		2858B2B72CC0597E008A54B7 /* Resources */ = {
			isa = PBXResourcesBuildPhase;
			buildActionMask = 2147483647;
			files = (
			);
			runOnlyForDeploymentPostprocessing = 0;
		};
		2858B2C12CC0597E008A54B7 /* Resources */ = {
			isa = PBXResourcesBuildPhase;
			buildActionMask = 2147483647;
			files = (
			);
			runOnlyForDeploymentPostprocessing = 0;
		};
/* End PBXResourcesBuildPhase section */

/* Begin PBXSourcesBuildPhase section */
		2858B2A52CC0597D008A54B7 /* Sources */ = {
			isa = PBXSourcesBuildPhase;
			buildActionMask = 2147483647;
			files = (
			);
			runOnlyForDeploymentPostprocessing = 0;
		};
		2858B2B52CC0597E008A54B7 /* Sources */ = {
			isa = PBXSourcesBuildPhase;
			buildActionMask = 2147483647;
			files = (
			);
			runOnlyForDeploymentPostprocessing = 0;
		};
		2858B2BF2CC0597E008A54B7 /* Sources */ = {
			isa = PBXSourcesBuildPhase;
			buildActionMask = 2147483647;
			files = (
			);
			runOnlyForDeploymentPostprocessing = 0;
		};
/* End PBXSourcesBuildPhase section */

/* Begin PBXTargetDependency section */
		2858B2BB2CC0597E008A54B7 /* PBXTargetDependency */ = {
			isa = PBXTargetDependency;
			target = 2858B2A82CC0597D008A54B7 /* Novel-AI-in-Arts-and-Culture-APP */;
			targetProxy = 2858B2BA2CC0597E008A54B7 /* PBXContainerItemProxy */;
		};
		2858B2C52CC0597E008A54B7 /* PBXTargetDependency */ = {
			isa = PBXTargetDependency;
			target = 2858B2A82CC0597D008A54B7 /* Novel-AI-in-Arts-and-Culture-APP */;
			targetProxy = 2858B2C42CC0597E008A54B7 /* PBXContainerItemProxy */;
		};
/* End PBXTargetDependency section */

/* Begin XCBuildConfiguration section */
		2858B2CB2CC0597E008A54B7 /* Debug */ = {
			isa = XCBuildConfiguration;
			buildSettings = {
				ALWAYS_SEARCH_USER_PATHS = NO;
				ASSETCATALOG_COMPILER_GENERATE_SWIFT_ASSET_SYMBOL_EXTENSIONS = YES;
				CLANG_ANALYZER_NONNULL = YES;
				CLANG_ANALYZER_NUMBER_OBJECT_CONVERSION = YES_AGGRESSIVE;
				CLANG_CXX_LANGUAGE_STANDARD = "gnu++20";
				CLANG_ENABLE_MODULES = YES;
				CLANG_ENABLE_OBJC_ARC = YES;
				CLANG_ENABLE_OBJC_WEAK = YES;
				CLANG_WARN_BLOCK_CAPTURE_AUTORELEASING = YES;
				CLANG_WARN_BOOL_CONVERSION = YES;
				CLANG_WARN_COMMA = YES;
				CLANG_WARN_CONSTANT_CONVERSION = YES;
				CLANG_WARN_DEPRECATED_OBJC_IMPLEMENTATIONS = YES;
				CLANG_WARN_DIRECT_OBJC_ISA_USAGE = YES_ERROR;
				CLANG_WARN_DOCUMENTATION_COMMENTS = YES;
				CLANG_WARN_EMPTY_BODY = YES;
				CLANG_WARN_ENUM_CONVERSION = YES;
				CLANG_WARN_INFINITE_RECURSION = YES;
				CLANG_WARN_INT_CONVERSION = YES;
				CLANG_WARN_NON_LITERAL_NULL_CONVERSION = YES;
				CLANG_WARN_OBJC_IMPLICIT_RETAIN_SELF = YES;
				CLANG_WARN_OBJC_LITERAL_CONVERSION = YES;
				CLANG_WARN_OBJC_ROOT_CLASS = YES_ERROR;
				CLANG_WARN_QUOTED_INCLUDE_IN_FRAMEWORK_HEADER = YES;
				CLANG_WARN_RANGE_LOOP_ANALYSIS = YES;
				CLANG_WARN_STRICT_PROTOTYPES = YES;
				CLANG_WARN_SUSPICIOUS_MOVE = YES;
				CLANG_WARN_UNGUARDED_AVAILABILITY = YES_AGGRESSIVE;
				CLANG_WARN_UNREACHABLE_CODE = YES;
				CLANG_WARN__DUPLICATE_METHOD_MATCH = YES;
				COPY_PHASE_STRIP = NO;
				DEBUG_INFORMATION_FORMAT = dwarf;
				ENABLE_STRICT_OBJC_MSGSEND = YES;
				ENABLE_TESTABILITY = YES;
				ENABLE_USER_SCRIPT_SANDBOXING = YES;
				GCC_C_LANGUAGE_STANDARD = gnu17;
				GCC_DYNAMIC_NO_PIC = NO;
				GCC_NO_COMMON_BLOCKS = YES;
				GCC_OPTIMIZATION_LEVEL = 0;
				GCC_PREPROCESSOR_DEFINITIONS = (
					"DEBUG=1",
					"$(inherited)",
				);
				GCC_WARN_64_TO_32_BIT_CONVERSION = YES;
				GCC_WARN_ABOUT_RETURN_TYPE = YES_ERROR;
				GCC_WARN_UNDECLARED_SELECTOR = YES;
				GCC_WARN_UNINITIALIZED_AUTOS = YES_AGGRESSIVE;
				GCC_WARN_UNUSED_FUNCTION = YES;
				GCC_WARN_UNUSED_VARIABLE = YES;
				IPHONEOS_DEPLOYMENT_TARGET = 18.0;
				LOCALIZATION_PREFERS_STRING_CATALOGS = YES;
				MTL_ENABLE_DEBUG_INFO = INCLUDE_SOURCE;
				MTL_FAST_MATH = YES;
				ONLY_ACTIVE_ARCH = YES;
				SDKROOT = iphoneos;
				SWIFT_ACTIVE_COMPILATION_CONDITIONS = "DEBUG $(inherited)";
				SWIFT_OPTIMIZATION_LEVEL = "-Onone";
			};
			name = Debug;
		};
		2858B2CC2CC0597E008A54B7 /* Release */ = {
			isa = XCBuildConfiguration;
			buildSettings = {
				ALWAYS_SEARCH_USER_PATHS = NO;
				ASSETCATALOG_COMPILER_GENERATE_SWIFT_ASSET_SYMBOL_EXTENSIONS = YES;
				CLANG_ANALYZER_NONNULL = YES;
				CLANG_ANALYZER_NUMBER_OBJECT_CONVERSION = YES_AGGRESSIVE;
				CLANG_CXX_LANGUAGE_STANDARD = "gnu++20";
				CLANG_ENABLE_MODULES = YES;
				CLANG_ENABLE_OBJC_ARC = YES;
				CLANG_ENABLE_OBJC_WEAK = YES;
				CLANG_WARN_BLOCK_CAPTURE_AUTORELEASING = YES;
				CLANG_WARN_BOOL_CONVERSION = YES;
				CLANG_WARN_COMMA = YES;
				CLANG_WARN_CONSTANT_CONVERSION = YES;
				CLANG_WARN_DEPRECATED_OBJC_IMPLEMENTATIONS = YES;
				CLANG_WARN_DIRECT_OBJC_ISA_USAGE = YES_ERROR;
				CLANG_WARN_DOCUMENTATION_COMMENTS = YES;
				CLANG_WARN_EMPTY_BODY = YES;
				CLANG_WARN_ENUM_CONVERSION = YES;
				CLANG_WARN_INFINITE_RECURSION = YES;
				CLANG_WARN_INT_CONVERSION = YES;
				CLANG_WARN_NON_LITERAL_NULL_CONVERSION = YES;
				CLANG_WARN_OBJC_IMPLICIT_RETAIN_SELF = YES;
				CLANG_WARN_OBJC_LITERAL_CONVERSION = YES;
				CLANG_WARN_OBJC_ROOT_CLASS = YES_ERROR;
				CLANG_WARN_QUOTED_INCLUDE_IN_FRAMEWORK_HEADER = YES;
				CLANG_WARN_RANGE_LOOP_ANALYSIS = YES;
				CLANG_WARN_STRICT_PROTOTYPES = YES;
				CLANG_WARN_SUSPICIOUS_MOVE = YES;
				CLANG_WARN_UNGUARDED_AVAILABILITY = YES_AGGRESSIVE;
				CLANG_WARN_UNREACHABLE_CODE = YES;
				CLANG_WARN__DUPLICATE_METHOD_MATCH = YES;
				COPY_PHASE_STRIP = NO;
				DEBUG_INFORMATION_FORMAT = "dwarf-with-dsym";
				ENABLE_NS_ASSERTIONS = NO;
				ENABLE_STRICT_OBJC_MSGSEND = YES;
				ENABLE_USER_SCRIPT_SANDBOXING = YES;
				GCC_C_LANGUAGE_STANDARD = gnu17;
				GCC_NO_COMMON_BLOCKS = YES;
				GCC_WARN_64_TO_32_BIT_CONVERSION = YES;
				GCC_WARN_ABOUT_RETURN_TYPE = YES_ERROR;
				GCC_WARN_UNDECLARED_SELECTOR = YES;
				GCC_WARN_UNINITIALIZED_AUTOS = YES_AGGRESSIVE;
				GCC_WARN_UNUSED_FUNCTION = YES;
				GCC_WARN_UNUSED_VARIABLE = YES;
				IPHONEOS_DEPLOYMENT_TARGET = 18.0;
				LOCALIZATION_PREFERS_STRING_CATALOGS = YES;
				MTL_ENABLE_DEBUG_INFO = NO;
				MTL_FAST_MATH = YES;
				SDKROOT = iphoneos;
				SWIFT_COMPILATION_MODE = wholemodule;
				VALIDATE_PRODUCT = YES;
			};
			name = Release;
		};
		2858B2CE2CC0597E008A54B7 /* Debug */ = {
			isa = XCBuildConfiguration;
			buildSettings = {
				ASSETCATALOG_COMPILER_APPICON_NAME = AppIcon;
				ASSETCATALOG_COMPILER_GLOBAL_ACCENT_COLOR_NAME = AccentColor;
				CODE_SIGN_STYLE = Automatic;
				CURRENT_PROJECT_VERSION = 1;
				DEVELOPMENT_ASSET_PATHS = "\"Novel-AI-in-Arts-and-Culture-APP/Preview Content\"";
				ENABLE_PREVIEWS = YES;
				GENERATE_INFOPLIST_FILE = YES;
				INFOPLIST_KEY_UIApplicationSceneManifest_Generation = YES;
				INFOPLIST_KEY_UIApplicationSupportsIndirectInputEvents = YES;
				INFOPLIST_KEY_UILaunchScreen_Generation = YES;
				INFOPLIST_KEY_UISupportedInterfaceOrientations_iPad = "UIInterfaceOrientationPortrait UIInterfaceOrientationPortraitUpsideDown UIInterfaceOrientationLandscapeLeft UIInterfaceOrientationLandscapeRight";
				INFOPLIST_KEY_UISupportedInterfaceOrientations_iPhone = "UIInterfaceOrientationPortrait UIInterfaceOrientationLandscapeLeft UIInterfaceOrientationLandscapeRight";
				LD_RUNPATH_SEARCH_PATHS = (
					"$(inherited)",
					"@executable_path/Frameworks",
				);
				MARKETING_VERSION = 1.0;
				PRODUCT_BUNDLE_IDENTIFIER = "com.example.apple-samplecode.Novel-AI-in-Arts-and-Culture-APP";
				PRODUCT_NAME = "$(TARGET_NAME)";
				SWIFT_EMIT_LOC_STRINGS = YES;
				SWIFT_VERSION = 5.0;
				TARGETED_DEVICE_FAMILY = "1,2";
			};
			name = Debug;
		};
		2858B2CF2CC0597E008A54B7 /* Release */ = {
			isa = XCBuildConfiguration;
			buildSettings = {
				ASSETCATALOG_COMPILER_APPICON_NAME = AppIcon;
				ASSETCATALOG_COMPILER_GLOBAL_ACCENT_COLOR_NAME = AccentColor;
				CODE_SIGN_STYLE = Automatic;
				CURRENT_PROJECT_VERSION = 1;
				DEVELOPMENT_ASSET_PATHS = "\"Novel-AI-in-Arts-and-Culture-APP/Preview Content\"";
				ENABLE_PREVIEWS = YES;
				GENERATE_INFOPLIST_FILE = YES;
				INFOPLIST_KEY_UIApplicationSceneManifest_Generation = YES;
				INFOPLIST_KEY_UIApplicationSupportsIndirectInputEvents = YES;
				INFOPLIST_KEY_UILaunchScreen_Generation = YES;
				INFOPLIST_KEY_UISupportedInterfaceOrientations_iPad = "UIInterfaceOrientationPortrait UIInterfaceOrientationPortraitUpsideDown UIInterfaceOrientationLandscapeLeft UIInterfaceOrientationLandscapeRight";
				INFOPLIST_KEY_UISupportedInterfaceOrientations_iPhone = "UIInterfaceOrientationPortrait UIInterfaceOrientationLandscapeLeft UIInterfaceOrientationLandscapeRight";
				LD_RUNPATH_SEARCH_PATHS = (
					"$(inherited)",
					"@executable_path/Frameworks",
				);
				MARKETING_VERSION = 1.0;
				PRODUCT_BUNDLE_IDENTIFIER = "com.example.apple-samplecode.Novel-AI-in-Arts-and-Culture-APP";
				PRODUCT_NAME = "$(TARGET_NAME)";
				SWIFT_EMIT_LOC_STRINGS = YES;
				SWIFT_VERSION = 5.0;
				TARGETED_DEVICE_FAMILY = "1,2";
			};
			name = Release;
		};
		2858B2D12CC0597E008A54B7 /* Debug */ = {
			isa = XCBuildConfiguration;
			buildSettings = {
				BUNDLE_LOADER = "$(TEST_HOST)";
				CODE_SIGN_STYLE = Automatic;
				CURRENT_PROJECT_VERSION = 1;
				GENERATE_INFOPLIST_FILE = YES;
				IPHONEOS_DEPLOYMENT_TARGET = 18.0;
				MARKETING_VERSION = 1.0;
				PRODUCT_BUNDLE_IDENTIFIER = "com.example.apple-samplecode.Novel-AI-in-Arts-and-Culture-APPTests";
				PRODUCT_NAME = "$(TARGET_NAME)";
				SWIFT_EMIT_LOC_STRINGS = NO;
				SWIFT_VERSION = 5.0;
				TARGETED_DEVICE_FAMILY = "1,2";
				TEST_HOST = "$(BUILT_PRODUCTS_DIR)/Novel-AI-in-Arts-and-Culture-APP.app/$(BUNDLE_EXECUTABLE_FOLDER_PATH)/Novel-AI-in-Arts-and-Culture-APP";
			};
			name = Debug;
		};
		2858B2D22CC0597E008A54B7 /* Release */ = {
			isa = XCBuildConfiguration;
			buildSettings = {
				BUNDLE_LOADER = "$(TEST_HOST)";
				CODE_SIGN_STYLE = Automatic;
				CURRENT_PROJECT_VERSION = 1;
				GENERATE_INFOPLIST_FILE = YES;
				IPHONEOS_DEPLOYMENT_TARGET = 18.0;
				MARKETING_VERSION = 1.0;
				PRODUCT_BUNDLE_IDENTIFIER = "com.example.apple-samplecode.Novel-AI-in-Arts-and-Culture-APPTests";
				PRODUCT_NAME = "$(TARGET_NAME)";
				SWIFT_EMIT_LOC_STRINGS = NO;
				SWIFT_VERSION = 5.0;
				TARGETED_DEVICE_FAMILY = "1,2";
				TEST_HOST = "$(BUILT_PRODUCTS_DIR)/Novel-AI-in-Arts-and-Culture-APP.app/$(BUNDLE_EXECUTABLE_FOLDER_PATH)/Novel-AI-in-Arts-and-Culture-APP";
			};
			name = Release;
		};
		2858B2D42CC0597E008A54B7 /* Debug */ = {
			isa = XCBuildConfiguration;
			buildSettings = {
				CODE_SIGN_STYLE = Automatic;
				CURRENT_PROJECT_VERSION = 1;
				GENERATE_INFOPLIST_FILE = YES;
				MARKETING_VERSION = 1.0;
				PRODUCT_BUNDLE_IDENTIFIER = "com.example.apple-samplecode.Novel-AI-in-Arts-and-Culture-APPUITests";
				PRODUCT_NAME = "$(TARGET_NAME)";
				SWIFT_EMIT_LOC_STRINGS = NO;
				SWIFT_VERSION = 5.0;
				TARGETED_DEVICE_FAMILY = "1,2";
				TEST_TARGET_NAME = "Novel-AI-in-Arts-and-Culture-APP";
			};
			name = Debug;
		};
		2858B2D52CC0597E008A54B7 /* Release */ = {
			isa = XCBuildConfiguration;
			buildSettings = {
				CODE_SIGN_STYLE = Automatic;
				CURRENT_PROJECT_VERSION = 1;
				GENERATE_INFOPLIST_FILE = YES;
				MARKETING_VERSION = 1.0;
				PRODUCT_BUNDLE_IDENTIFIER = "com.example.apple-samplecode.Novel-AI-in-Arts-and-Culture-APPUITests";
				PRODUCT_NAME = "$(TARGET_NAME)";
				SWIFT_EMIT_LOC_STRINGS = NO;
				SWIFT_VERSION = 5.0;
				TARGETED_DEVICE_FAMILY = "1,2";
				TEST_TARGET_NAME = "Novel-AI-in-Arts-and-Culture-APP";
			};
			name = Release;
		};
/* End XCBuildConfiguration section */

/* Begin XCConfigurationList section */
		2858B2A42CC0597D008A54B7 /* Build configuration list for PBXProject "Novel-AI-in-Arts-and-Culture-APP" */ = {
			isa = XCConfigurationList;
			buildConfigurations = (
				2858B2CB2CC0597E008A54B7 /* Debug */,
				2858B2CC2CC0597E008A54B7 /* Release */,
			);
			defaultConfigurationIsVisible = 0;
			defaultConfigurationName = Release;
		};
		2858B2CD2CC0597E008A54B7 /* Build configuration list for PBXNativeTarget "Novel-AI-in-Arts-and-Culture-APP" */ = {
			isa = XCConfigurationList;
			buildConfigurations = (
				2858B2CE2CC0597E008A54B7 /* Debug */,
				2858B2CF2CC0597E008A54B7 /* Release */,
			);
			defaultConfigurationIsVisible = 0;
			defaultConfigurationName = Release;
		};
		2858B2D02CC0597E008A54B7 /* Build configuration list for PBXNativeTarget "Novel-AI-in-Arts-and-Culture-APPTests" */ = {
			isa = XCConfigurationList;
			buildConfigurations = (
				2858B2D12CC0597E008A54B7 /* Debug */,
				2858B2D22CC0597E008A54B7 /* Release */,
			);
			defaultConfigurationIsVisible = 0;
			defaultConfigurationName = Release;
		};
		2858B2D32CC0597E008A54B7 /* Build configuration list for PBXNativeTarget "Novel-AI-in-Arts-and-Culture-APPUITests" */ = {
			isa = XCConfigurationList;
			buildConfigurations = (
				2858B2D42CC0597E008A54B7 /* Debug */,
				2858B2D52CC0597E008A54B7 /* Release */,
			);
			defaultConfigurationIsVisible = 0;
			defaultConfigurationName = Release;
		};
/* End XCConfigurationList section */

/* Begin XCRemoteSwiftPackageReference section */
		281DBE682CCDCFAE00657104 /* XCRemoteSwiftPackageReference "SDWebImageSwiftUI" */ = {
			isa = XCRemoteSwiftPackageReference;
			repositoryURL = "https://github.com/SDWebImage/SDWebImageSwiftUI.git";
			requirement = {
				kind = upToNextMajorVersion;
				minimumVersion = 3.1.2;
			};
		};
		284D18202CE674E30050EE52 /* XCRemoteSwiftPackageReference "OpenAI" */ = {
			isa = XCRemoteSwiftPackageReference;
			repositoryURL = "https://github.com/MacPaw/OpenAI.git";
			requirement = {
				kind = exactVersion;
				version = 0.2.7;
			};
		};
		287D64A22CE3B0E70004A632 /* XCRemoteSwiftPackageReference "firebase-ios-sdk" */ = {
			isa = XCRemoteSwiftPackageReference;
			repositoryURL = "https://github.com/firebase/firebase-ios-sdk";
			requirement = {
				kind = upToNextMajorVersion;
				minimumVersion = 11.4.0;
			};
		};
/* End XCRemoteSwiftPackageReference section */

/* Begin XCSwiftPackageProductDependency section */
		281DBE692CCDCFAE00657104 /* SDWebImageSwiftUI */ = {
			isa = XCSwiftPackageProductDependency;
			package = 281DBE682CCDCFAE00657104 /* XCRemoteSwiftPackageReference "SDWebImageSwiftUI" */;
			productName = SDWebImageSwiftUI;
		};
		284D18212CE674E30050EE52 /* OpenAI */ = {
			isa = XCSwiftPackageProductDependency;
			package = 284D18202CE674E30050EE52 /* XCRemoteSwiftPackageReference "OpenAI" */;
			productName = OpenAI;
		};
		287D64A32CE3B0E70004A632 /* FirebaseAuth */ = {
			isa = XCSwiftPackageProductDependency;
			package = 287D64A22CE3B0E70004A632 /* XCRemoteSwiftPackageReference "firebase-ios-sdk" */;
			productName = FirebaseAuth;
		};
		287D64A52CE3B0E70004A632 /* FirebaseFirestore */ = {
			isa = XCSwiftPackageProductDependency;
			package = 287D64A22CE3B0E70004A632 /* XCRemoteSwiftPackageReference "firebase-ios-sdk" */;
			productName = FirebaseFirestore;
		};
		287D64A72CE3B0E70004A632 /* FirebaseFirestoreCombine-Community */ = {
			isa = XCSwiftPackageProductDependency;
			package = 287D64A22CE3B0E70004A632 /* XCRemoteSwiftPackageReference "firebase-ios-sdk" */;
			productName = "FirebaseFirestoreCombine-Community";
		};
/* End XCSwiftPackageProductDependency section */
	};
	rootObject = 2858B2A12CC0597D008A54B7 /* Project object */;
}
